// !$*UTF8*$!
{
	archiveVersion = 1;
	classes = {
	};
	objectVersion = 55;
	objects = {

/* Begin PBXBuildFile section */
		91EB5FD127189FB50066B1D4 /* AppDelegate.swift in Sources */ = {isa = PBXBuildFile; fileRef = 91EB5FD027189FB50066B1D4 /* AppDelegate.swift */; };
		91EB5FD327189FB50066B1D4 /* SceneDelegate.swift in Sources */ = {isa = PBXBuildFile; fileRef = 91EB5FD227189FB50066B1D4 /* SceneDelegate.swift */; };
		91EB5FD527189FB50066B1D4 /* ViewController.swift in Sources */ = {isa = PBXBuildFile; fileRef = 91EB5FD427189FB50066B1D4 /* ViewController.swift */; };
		91EB5FDA27189FBB0066B1D4 /* Assets.xcassets in Resources */ = {isa = PBXBuildFile; fileRef = 91EB5FD927189FBB0066B1D4 /* Assets.xcassets */; };
		91EB5FDD27189FBB0066B1D4 /* LaunchScreen.storyboard in Resources */ = {isa = PBXBuildFile; fileRef = 91EB5FDB27189FBB0066B1D4 /* LaunchScreen.storyboard */; };
		91EB5FE827189FBB0066B1D4 /* Week_4Tests.swift in Sources */ = {isa = PBXBuildFile; fileRef = 91EB5FE727189FBB0066B1D4 /* Week_4Tests.swift */; };
		91EB5FF227189FBB0066B1D4 /* Week_4UITests.swift in Sources */ = {isa = PBXBuildFile; fileRef = 91EB5FF127189FBB0066B1D4 /* Week_4UITests.swift */; };
		91EB5FF427189FBB0066B1D4 /* Week_4UITestsLaunchTests.swift in Sources */ = {isa = PBXBuildFile; fileRef = 91EB5FF327189FBB0066B1D4 /* Week_4UITestsLaunchTests.swift */; };
		91EB60022718A2DB0066B1D4 /* GenericValueProtocol.swift in Sources */ = {isa = PBXBuildFile; fileRef = 91EB60012718A2DB0066B1D4 /* GenericValueProtocol.swift */; };
		91EB60042718A2FF0066B1D4 /* BaseViewController.swift in Sources */ = {isa = PBXBuildFile; fileRef = 91EB60032718A2FF0066B1D4 /* BaseViewController.swift */; };
		91EB60062718A3240066B1D4 /* GenericBaseView.swift in Sources */ = {isa = PBXBuildFile; fileRef = 91EB60052718A3240066B1D4 /* GenericBaseView.swift */; };
		91EB60082718A36A0066B1D4 /* BaseView.swift in Sources */ = {isa = PBXBuildFile; fileRef = 91EB60072718A36A0066B1D4 /* BaseView.swift */; };
		91EB600A2718AB250066B1D4 /* GenericDataProtocol.swift in Sources */ = {isa = PBXBuildFile; fileRef = 91EB60092718AB250066B1D4 /* GenericDataProtocol.swift */; };
		91EB600C2718AB6A0066B1D4 /* BaseTableViewCell.swift in Sources */ = {isa = PBXBuildFile; fileRef = 91EB600B2718AB6A0066B1D4 /* BaseTableViewCell.swift */; };
		91EB60112718ADF70066B1D4 /* MainTabBarViewController.swift in Sources */ = {isa = PBXBuildFile; fileRef = 91EB60102718ADF70066B1D4 /* MainTabBarViewController.swift */; };
		91EB60132718AE240066B1D4 /* MainTabBarBuider.swift in Sources */ = {isa = PBXBuildFile; fileRef = 91EB60122718AE240066B1D4 /* MainTabBarBuider.swift */; };
		91EB60162718AF590066B1D4 /* TabBarImages.swift in Sources */ = {isa = PBXBuildFile; fileRef = 91EB60152718AF590066B1D4 /* TabBarImages.swift */; };
		91EB601B2718B0130066B1D4 /* MainViewBuilder.swift in Sources */ = {isa = PBXBuildFile; fileRef = 91EB60182718B0130066B1D4 /* MainViewBuilder.swift */; };
		91EB601C2718B0130066B1D4 /* MainViewController.swift in Sources */ = {isa = PBXBuildFile; fileRef = 91EB60192718B0130066B1D4 /* MainViewController.swift */; };
		91EB601D2718B0130066B1D4 /* MainViewModel.swift in Sources */ = {isa = PBXBuildFile; fileRef = 91EB601A2718B0130066B1D4 /* MainViewModel.swift */; };
		91EB60212718B0760066B1D4 /* ApplicationGeneralInfoManager.swift in Sources */ = {isa = PBXBuildFile; fileRef = 91EB601F2718B0760066B1D4 /* ApplicationGeneralInfoManager.swift */; };
		91EB60222718B0760066B1D4 /* ApplicationGeneralInfoProtocol.swift in Sources */ = {isa = PBXBuildFile; fileRef = 91EB60202718B0760066B1D4 /* ApplicationGeneralInfoProtocol.swift */; };
		91EB60282719AD9A0066B1D4 /* BaseRequest.swift in Sources */ = {isa = PBXBuildFile; fileRef = 91EB60272719AD9A0066B1D4 /* BaseRequest.swift */; };
		91EB602A2719ADED0066B1D4 /* TeamsApiServiceProvider.swift in Sources */ = {isa = PBXBuildFile; fileRef = 91EB60292719ADED0066B1D4 /* TeamsApiServiceProvider.swift */; };
		91EB602C2719B3E30066B1D4 /* TeamsResponse.swift in Sources */ = {isa = PBXBuildFile; fileRef = 91EB602B2719B3E30066B1D4 /* TeamsResponse.swift */; };
		91EB602F2719CD6E0066B1D4 /* DefaultNetworkOperationPackage in Frameworks */ = {isa = PBXBuildFile; productRef = 91EB602E2719CD6E0066B1D4 /* DefaultNetworkOperationPackage */; };
		91EB60322719CFAB0066B1D4 /* HeaderProvider.swift in Sources */ = {isa = PBXBuildFile; fileRef = 91EB60312719CFAB0066B1D4 /* HeaderProvider.swift */; };
		91EB60362719D63C0066B1D4 /* TeamListOperationProtocol.swift in Sources */ = {isa = PBXBuildFile; fileRef = 91EB60352719D63C0066B1D4 /* TeamListOperationProtocol.swift */; };
		91EB60382719D6560066B1D4 /* TeamListOperationManager.swift in Sources */ = {isa = PBXBuildFile; fileRef = 91EB60372719D6560066B1D4 /* TeamListOperationManager.swift */; };
		91EB603B2719D74A0066B1D4 /* RxSwift in Frameworks */ = {isa = PBXBuildFile; productRef = 91EB603A2719D74A0066B1D4 /* RxSwift */; };
		91EB603F2719E6E20066B1D4 /* TeamListViewController.swift in Sources */ = {isa = PBXBuildFile; fileRef = 91EB603E2719E6E20066B1D4 /* TeamListViewController.swift */; };
		91EB60412719E6FE0066B1D4 /* TeamListViewBuilder.swift in Sources */ = {isa = PBXBuildFile; fileRef = 91EB60402719E6FE0066B1D4 /* TeamListViewBuilder.swift */; };
		91EB60432719E7170066B1D4 /* TeamListViewModel.swift in Sources */ = {isa = PBXBuildFile; fileRef = 91EB60422719E7170066B1D4 /* TeamListViewModel.swift */; };
		91EB60452719E7330066B1D4 /* TeamListViewState.swift in Sources */ = {isa = PBXBuildFile; fileRef = 91EB60442719E7330066B1D4 /* TeamListViewState.swift */; };
		91EB60472719E7620066B1D4 /* TeamListDataFormatter.swift in Sources */ = {isa = PBXBuildFile; fileRef = 91EB60462719E7620066B1D4 /* TeamListDataFormatter.swift */; };
		91EB60492719E77E0066B1D4 /* TeamListDataFormatterProtocol.swift in Sources */ = {isa = PBXBuildFile; fileRef = 91EB60482719E77E0066B1D4 /* TeamListDataFormatterProtocol.swift */; };
		91EB604D2719E8A60066B1D4 /* ItemTableViewCellData.swift in Sources */ = {isa = PBXBuildFile; fileRef = 91EB604C2719E8A60066B1D4 /* ItemTableViewCellData.swift */; };
		91EB604F2719E8CA0066B1D4 /* ItemTableViewCell.swift in Sources */ = {isa = PBXBuildFile; fileRef = 91EB604E2719E8CA0066B1D4 /* ItemTableViewCell.swift */; };
		91EB60532719EA020066B1D4 /* LabelPackComponentData.swift in Sources */ = {isa = PBXBuildFile; fileRef = 91EB60522719EA020066B1D4 /* LabelPackComponentData.swift */; };
		91EB60552719EA180066B1D4 /* LabelPackComponent.swift in Sources */ = {isa = PBXBuildFile; fileRef = 91EB60542719EA180066B1D4 /* LabelPackComponent.swift */; };
		91EB60572719EA470066B1D4 /* LabelDistiributionData.swift in Sources */ = {isa = PBXBuildFile; fileRef = 91EB60562719EA470066B1D4 /* LabelDistiributionData.swift */; };
		91EB605C2719EBA30066B1D4 /* CustomImageViewComponentContainer.swift in Sources */ = {isa = PBXBuildFile; fileRef = 91EB60582719EBA20066B1D4 /* CustomImageViewComponentContainer.swift */; };
		91EB605D2719EBA30066B1D4 /* CustomImageLoadingType.swift in Sources */ = {isa = PBXBuildFile; fileRef = 91EB60592719EBA20066B1D4 /* CustomImageLoadingType.swift */; };
		91EB605E2719EBA30066B1D4 /* CustomImageViewComponent.swift in Sources */ = {isa = PBXBuildFile; fileRef = 91EB605A2719EBA20066B1D4 /* CustomImageViewComponent.swift */; };
		91EB605F2719EBA30066B1D4 /* CustomImageViewComponentData.swift in Sources */ = {isa = PBXBuildFile; fileRef = 91EB605B2719EBA30066B1D4 /* CustomImageViewComponentData.swift */; };
		91EB60622719F8100066B1D4 /* ImageCacheManager.swift in Sources */ = {isa = PBXBuildFile; fileRef = 91EB60612719F8100066B1D4 /* ImageCacheManager.swift */; };
		91EB6066271A081B0066B1D4 /* ItemListProtocol.swift in Sources */ = {isa = PBXBuildFile; fileRef = 91EB6064271A081A0066B1D4 /* ItemListProtocol.swift */; };
		91EB6067271A081B0066B1D4 /* ItemListView.swift in Sources */ = {isa = PBXBuildFile; fileRef = 91EB6065271A081B0066B1D4 /* ItemListView.swift */; };
/* End PBXBuildFile section */

/* Begin PBXContainerItemProxy section */
		91EB5FE427189FBB0066B1D4 /* PBXContainerItemProxy */ = {
			isa = PBXContainerItemProxy;
			containerPortal = 91EB5FC527189FB40066B1D4 /* Project object */;
			proxyType = 1;
			remoteGlobalIDString = 91EB5FCC27189FB40066B1D4;
			remoteInfo = Week_4;
		};
		91EB5FEE27189FBB0066B1D4 /* PBXContainerItemProxy */ = {
			isa = PBXContainerItemProxy;
			containerPortal = 91EB5FC527189FB40066B1D4 /* Project object */;
			proxyType = 1;
			remoteGlobalIDString = 91EB5FCC27189FB40066B1D4;
			remoteInfo = Week_4;
		};
/* End PBXContainerItemProxy section */

/* Begin PBXFileReference section */
		91EB5FCD27189FB40066B1D4 /* Week_4.app */ = {isa = PBXFileReference; explicitFileType = wrapper.application; includeInIndex = 0; path = Week_4.app; sourceTree = BUILT_PRODUCTS_DIR; };
		91EB5FD027189FB50066B1D4 /* AppDelegate.swift */ = {isa = PBXFileReference; lastKnownFileType = sourcecode.swift; path = AppDelegate.swift; sourceTree = "<group>"; };
		91EB5FD227189FB50066B1D4 /* SceneDelegate.swift */ = {isa = PBXFileReference; lastKnownFileType = sourcecode.swift; path = SceneDelegate.swift; sourceTree = "<group>"; };
		91EB5FD427189FB50066B1D4 /* ViewController.swift */ = {isa = PBXFileReference; lastKnownFileType = sourcecode.swift; path = ViewController.swift; sourceTree = "<group>"; };
		91EB5FD927189FBB0066B1D4 /* Assets.xcassets */ = {isa = PBXFileReference; lastKnownFileType = folder.assetcatalog; path = Assets.xcassets; sourceTree = "<group>"; };
		91EB5FDC27189FBB0066B1D4 /* Base */ = {isa = PBXFileReference; lastKnownFileType = file.storyboard; name = Base; path = Base.lproj/LaunchScreen.storyboard; sourceTree = "<group>"; };
		91EB5FDE27189FBB0066B1D4 /* Info.plist */ = {isa = PBXFileReference; lastKnownFileType = text.plist.xml; path = Info.plist; sourceTree = "<group>"; };
		91EB5FE327189FBB0066B1D4 /* Week_4Tests.xctest */ = {isa = PBXFileReference; explicitFileType = wrapper.cfbundle; includeInIndex = 0; path = Week_4Tests.xctest; sourceTree = BUILT_PRODUCTS_DIR; };
		91EB5FE727189FBB0066B1D4 /* Week_4Tests.swift */ = {isa = PBXFileReference; lastKnownFileType = sourcecode.swift; path = Week_4Tests.swift; sourceTree = "<group>"; };
		91EB5FED27189FBB0066B1D4 /* Week_4UITests.xctest */ = {isa = PBXFileReference; explicitFileType = wrapper.cfbundle; includeInIndex = 0; path = Week_4UITests.xctest; sourceTree = BUILT_PRODUCTS_DIR; };
		91EB5FF127189FBB0066B1D4 /* Week_4UITests.swift */ = {isa = PBXFileReference; lastKnownFileType = sourcecode.swift; path = Week_4UITests.swift; sourceTree = "<group>"; };
		91EB5FF327189FBB0066B1D4 /* Week_4UITestsLaunchTests.swift */ = {isa = PBXFileReference; lastKnownFileType = sourcecode.swift; path = Week_4UITestsLaunchTests.swift; sourceTree = "<group>"; };
		91EB60012718A2DB0066B1D4 /* GenericValueProtocol.swift */ = {isa = PBXFileReference; lastKnownFileType = sourcecode.swift; path = GenericValueProtocol.swift; sourceTree = "<group>"; };
		91EB60032718A2FF0066B1D4 /* BaseViewController.swift */ = {isa = PBXFileReference; lastKnownFileType = sourcecode.swift; path = BaseViewController.swift; sourceTree = "<group>"; };
		91EB60052718A3240066B1D4 /* GenericBaseView.swift */ = {isa = PBXFileReference; lastKnownFileType = sourcecode.swift; path = GenericBaseView.swift; sourceTree = "<group>"; };
		91EB60072718A36A0066B1D4 /* BaseView.swift */ = {isa = PBXFileReference; lastKnownFileType = sourcecode.swift; path = BaseView.swift; sourceTree = "<group>"; };
		91EB60092718AB250066B1D4 /* GenericDataProtocol.swift */ = {isa = PBXFileReference; lastKnownFileType = sourcecode.swift; path = GenericDataProtocol.swift; sourceTree = "<group>"; };
		91EB600B2718AB6A0066B1D4 /* BaseTableViewCell.swift */ = {isa = PBXFileReference; lastKnownFileType = sourcecode.swift; path = BaseTableViewCell.swift; sourceTree = "<group>"; };
		91EB60102718ADF70066B1D4 /* MainTabBarViewController.swift */ = {isa = PBXFileReference; lastKnownFileType = sourcecode.swift; path = MainTabBarViewController.swift; sourceTree = "<group>"; };
		91EB60122718AE240066B1D4 /* MainTabBarBuider.swift */ = {isa = PBXFileReference; lastKnownFileType = sourcecode.swift; path = MainTabBarBuider.swift; sourceTree = "<group>"; };
		91EB60152718AF590066B1D4 /* TabBarImages.swift */ = {isa = PBXFileReference; lastKnownFileType = sourcecode.swift; path = TabBarImages.swift; sourceTree = "<group>"; };
		91EB60182718B0130066B1D4 /* MainViewBuilder.swift */ = {isa = PBXFileReference; fileEncoding = 4; lastKnownFileType = sourcecode.swift; path = MainViewBuilder.swift; sourceTree = "<group>"; };
		91EB60192718B0130066B1D4 /* MainViewController.swift */ = {isa = PBXFileReference; fileEncoding = 4; lastKnownFileType = sourcecode.swift; path = MainViewController.swift; sourceTree = "<group>"; };
		91EB601A2718B0130066B1D4 /* MainViewModel.swift */ = {isa = PBXFileReference; fileEncoding = 4; lastKnownFileType = sourcecode.swift; path = MainViewModel.swift; sourceTree = "<group>"; };
		91EB601F2718B0760066B1D4 /* ApplicationGeneralInfoManager.swift */ = {isa = PBXFileReference; fileEncoding = 4; lastKnownFileType = sourcecode.swift; path = ApplicationGeneralInfoManager.swift; sourceTree = "<group>"; };
		91EB60202718B0760066B1D4 /* ApplicationGeneralInfoProtocol.swift */ = {isa = PBXFileReference; fileEncoding = 4; lastKnownFileType = sourcecode.swift; path = ApplicationGeneralInfoProtocol.swift; sourceTree = "<group>"; };
		91EB60272719AD9A0066B1D4 /* BaseRequest.swift */ = {isa = PBXFileReference; lastKnownFileType = sourcecode.swift; path = BaseRequest.swift; sourceTree = "<group>"; };
		91EB60292719ADED0066B1D4 /* TeamsApiServiceProvider.swift */ = {isa = PBXFileReference; lastKnownFileType = sourcecode.swift; path = TeamsApiServiceProvider.swift; sourceTree = "<group>"; };
		91EB602B2719B3E30066B1D4 /* TeamsResponse.swift */ = {isa = PBXFileReference; lastKnownFileType = sourcecode.swift; path = TeamsResponse.swift; sourceTree = "<group>"; };
		91EB60312719CFAB0066B1D4 /* HeaderProvider.swift */ = {isa = PBXFileReference; lastKnownFileType = sourcecode.swift; path = HeaderProvider.swift; sourceTree = "<group>"; };
		91EB60352719D63C0066B1D4 /* TeamListOperationProtocol.swift */ = {isa = PBXFileReference; lastKnownFileType = sourcecode.swift; path = TeamListOperationProtocol.swift; sourceTree = "<group>"; };
		91EB60372719D6560066B1D4 /* TeamListOperationManager.swift */ = {isa = PBXFileReference; lastKnownFileType = sourcecode.swift; path = TeamListOperationManager.swift; sourceTree = "<group>"; };
		91EB603E2719E6E20066B1D4 /* TeamListViewController.swift */ = {isa = PBXFileReference; lastKnownFileType = sourcecode.swift; path = TeamListViewController.swift; sourceTree = "<group>"; };
		91EB60402719E6FE0066B1D4 /* TeamListViewBuilder.swift */ = {isa = PBXFileReference; lastKnownFileType = sourcecode.swift; path = TeamListViewBuilder.swift; sourceTree = "<group>"; };
		91EB60422719E7170066B1D4 /* TeamListViewModel.swift */ = {isa = PBXFileReference; lastKnownFileType = sourcecode.swift; path = TeamListViewModel.swift; sourceTree = "<group>"; };
		91EB60442719E7330066B1D4 /* TeamListViewState.swift */ = {isa = PBXFileReference; lastKnownFileType = sourcecode.swift; path = TeamListViewState.swift; sourceTree = "<group>"; };
		91EB60462719E7620066B1D4 /* TeamListDataFormatter.swift */ = {isa = PBXFileReference; lastKnownFileType = sourcecode.swift; path = TeamListDataFormatter.swift; sourceTree = "<group>"; };
		91EB60482719E77E0066B1D4 /* TeamListDataFormatterProtocol.swift */ = {isa = PBXFileReference; lastKnownFileType = sourcecode.swift; path = TeamListDataFormatterProtocol.swift; sourceTree = "<group>"; };
		91EB604C2719E8A60066B1D4 /* ItemTableViewCellData.swift */ = {isa = PBXFileReference; lastKnownFileType = sourcecode.swift; path = ItemTableViewCellData.swift; sourceTree = "<group>"; };
		91EB604E2719E8CA0066B1D4 /* ItemTableViewCell.swift */ = {isa = PBXFileReference; lastKnownFileType = sourcecode.swift; path = ItemTableViewCell.swift; sourceTree = "<group>"; };
		91EB60522719EA020066B1D4 /* LabelPackComponentData.swift */ = {isa = PBXFileReference; lastKnownFileType = sourcecode.swift; path = LabelPackComponentData.swift; sourceTree = "<group>"; };
		91EB60542719EA180066B1D4 /* LabelPackComponent.swift */ = {isa = PBXFileReference; lastKnownFileType = sourcecode.swift; path = LabelPackComponent.swift; sourceTree = "<group>"; };
		91EB60562719EA470066B1D4 /* LabelDistiributionData.swift */ = {isa = PBXFileReference; lastKnownFileType = sourcecode.swift; path = LabelDistiributionData.swift; sourceTree = "<group>"; };
		91EB60582719EBA20066B1D4 /* CustomImageViewComponentContainer.swift */ = {isa = PBXFileReference; fileEncoding = 4; lastKnownFileType = sourcecode.swift; path = CustomImageViewComponentContainer.swift; sourceTree = "<group>"; };
		91EB60592719EBA20066B1D4 /* CustomImageLoadingType.swift */ = {isa = PBXFileReference; fileEncoding = 4; lastKnownFileType = sourcecode.swift; path = CustomImageLoadingType.swift; sourceTree = "<group>"; };
		91EB605A2719EBA20066B1D4 /* CustomImageViewComponent.swift */ = {isa = PBXFileReference; fileEncoding = 4; lastKnownFileType = sourcecode.swift; path = CustomImageViewComponent.swift; sourceTree = "<group>"; };
		91EB605B2719EBA30066B1D4 /* CustomImageViewComponentData.swift */ = {isa = PBXFileReference; fileEncoding = 4; lastKnownFileType = sourcecode.swift; path = CustomImageViewComponentData.swift; sourceTree = "<group>"; };
		91EB60612719F8100066B1D4 /* ImageCacheManager.swift */ = {isa = PBXFileReference; lastKnownFileType = sourcecode.swift; path = ImageCacheManager.swift; sourceTree = "<group>"; };
		91EB6064271A081A0066B1D4 /* ItemListProtocol.swift */ = {isa = PBXFileReference; fileEncoding = 4; lastKnownFileType = sourcecode.swift; path = ItemListProtocol.swift; sourceTree = "<group>"; };
		91EB6065271A081B0066B1D4 /* ItemListView.swift */ = {isa = PBXFileReference; fileEncoding = 4; lastKnownFileType = sourcecode.swift; path = ItemListView.swift; sourceTree = "<group>"; };
/* End PBXFileReference section */

/* Begin PBXFrameworksBuildPhase section */
		91EB5FCA27189FB40066B1D4 /* Frameworks */ = {
			isa = PBXFrameworksBuildPhase;
			buildActionMask = 2147483647;
			files = (
				91EB603B2719D74A0066B1D4 /* RxSwift in Frameworks */,
				91EB602F2719CD6E0066B1D4 /* DefaultNetworkOperationPackage in Frameworks */,
			);
			runOnlyForDeploymentPostprocessing = 0;
		};
		91EB5FE027189FBB0066B1D4 /* Frameworks */ = {
			isa = PBXFrameworksBuildPhase;
			buildActionMask = 2147483647;
			files = (
			);
			runOnlyForDeploymentPostprocessing = 0;
		};
		91EB5FEA27189FBB0066B1D4 /* Frameworks */ = {
			isa = PBXFrameworksBuildPhase;
			buildActionMask = 2147483647;
			files = (
			);
			runOnlyForDeploymentPostprocessing = 0;
		};
/* End PBXFrameworksBuildPhase section */

/* Begin PBXGroup section */
		91EB5FC427189FB40066B1D4 = {
			isa = PBXGroup;
			children = (
				91EB5FCF27189FB40066B1D4 /* Week_4 */,
				91EB5FE627189FBB0066B1D4 /* Week_4Tests */,
				91EB5FF027189FBB0066B1D4 /* Week_4UITests */,
				91EB5FCE27189FB40066B1D4 /* Products */,
			);
			sourceTree = "<group>";
		};
		91EB5FCE27189FB40066B1D4 /* Products */ = {
			isa = PBXGroup;
			children = (
				91EB5FCD27189FB40066B1D4 /* Week_4.app */,
				91EB5FE327189FBB0066B1D4 /* Week_4Tests.xctest */,
				91EB5FED27189FBB0066B1D4 /* Week_4UITests.xctest */,
			);
			name = Products;
			sourceTree = "<group>";
		};
		91EB5FCF27189FB40066B1D4 /* Week_4 */ = {
			isa = PBXGroup;
			children = (
				91EB604A2719E8560066B1D4 /* Components */,
				91EB603C2719E6AD0066B1D4 /* Modules */,
				91EB60302719CF760066B1D4 /* Manager */,
				91EB60262719AD870066B1D4 /* Model */,
				91EB601E2718B04E0066B1D4 /* UserDefaultsHelperManagers */,
				91EB60172718AFE70066B1D4 /* Main */,
				91EB60142718AF400066B1D4 /* AssetHelpers */,
				91EB600D2718AD6A0066B1D4 /* MainTabBar */,
				91EB60002718A2A10066B1D4 /* BaseComponent */,
				91EB5FD027189FB50066B1D4 /* AppDelegate.swift */,
				91EB5FD227189FB50066B1D4 /* SceneDelegate.swift */,
				91EB5FD427189FB50066B1D4 /* ViewController.swift */,
				91EB5FD927189FBB0066B1D4 /* Assets.xcassets */,
				91EB5FDB27189FBB0066B1D4 /* LaunchScreen.storyboard */,
				91EB5FDE27189FBB0066B1D4 /* Info.plist */,
			);
			path = Week_4;
			sourceTree = "<group>";
		};
		91EB5FE627189FBB0066B1D4 /* Week_4Tests */ = {
			isa = PBXGroup;
			children = (
				91EB5FE727189FBB0066B1D4 /* Week_4Tests.swift */,
			);
			path = Week_4Tests;
			sourceTree = "<group>";
		};
		91EB5FF027189FBB0066B1D4 /* Week_4UITests */ = {
			isa = PBXGroup;
			children = (
				91EB5FF127189FBB0066B1D4 /* Week_4UITests.swift */,
				91EB5FF327189FBB0066B1D4 /* Week_4UITestsLaunchTests.swift */,
			);
			path = Week_4UITests;
			sourceTree = "<group>";
		};
		91EB60002718A2A10066B1D4 /* BaseComponent */ = {
			isa = PBXGroup;
			children = (
				91EB60012718A2DB0066B1D4 /* GenericValueProtocol.swift */,
				91EB60032718A2FF0066B1D4 /* BaseViewController.swift */,
				91EB60052718A3240066B1D4 /* GenericBaseView.swift */,
				91EB60072718A36A0066B1D4 /* BaseView.swift */,
				91EB60092718AB250066B1D4 /* GenericDataProtocol.swift */,
				91EB600B2718AB6A0066B1D4 /* BaseTableViewCell.swift */,
			);
			path = BaseComponent;
			sourceTree = "<group>";
		};
		91EB600D2718AD6A0066B1D4 /* MainTabBar */ = {
			isa = PBXGroup;
			children = (
				91EB60102718ADF70066B1D4 /* MainTabBarViewController.swift */,
				91EB60122718AE240066B1D4 /* MainTabBarBuider.swift */,
			);
			path = MainTabBar;
			sourceTree = "<group>";
		};
		91EB60142718AF400066B1D4 /* AssetHelpers */ = {
			isa = PBXGroup;
			children = (
				91EB60152718AF590066B1D4 /* TabBarImages.swift */,
			);
			path = AssetHelpers;
			sourceTree = "<group>";
		};
		91EB60172718AFE70066B1D4 /* Main */ = {
			isa = PBXGroup;
			children = (
				91EB60182718B0130066B1D4 /* MainViewBuilder.swift */,
				91EB60192718B0130066B1D4 /* MainViewController.swift */,
				91EB601A2718B0130066B1D4 /* MainViewModel.swift */,
			);
			path = Main;
			sourceTree = "<group>";
		};
		91EB601E2718B04E0066B1D4 /* UserDefaultsHelperManagers */ = {
			isa = PBXGroup;
			children = (
				91EB601F2718B0760066B1D4 /* ApplicationGeneralInfoManager.swift */,
				91EB60202718B0760066B1D4 /* ApplicationGeneralInfoProtocol.swift */,
			);
			path = UserDefaultsHelperManagers;
			sourceTree = "<group>";
		};
		91EB60262719AD870066B1D4 /* Model */ = {
			isa = PBXGroup;
			children = (
				91EB60272719AD9A0066B1D4 /* BaseRequest.swift */,
				91EB60292719ADED0066B1D4 /* TeamsApiServiceProvider.swift */,
				91EB602B2719B3E30066B1D4 /* TeamsResponse.swift */,
			);
			path = Model;
			sourceTree = "<group>";
		};
		91EB60302719CF760066B1D4 /* Manager */ = {
			isa = PBXGroup;
			children = (
				91EB60602719F7D80066B1D4 /* CacheManagers */,
				91EB60342719D6070066B1D4 /* TeamListOperationManager */,
				91EB60332719D5F70066B1D4 /* HeaderProvider */,
			);
			path = Manager;
			sourceTree = "<group>";
		};
		91EB60332719D5F70066B1D4 /* HeaderProvider */ = {
			isa = PBXGroup;
			children = (
				91EB60312719CFAB0066B1D4 /* HeaderProvider.swift */,
			);
			path = HeaderProvider;
			sourceTree = "<group>";
		};
		91EB60342719D6070066B1D4 /* TeamListOperationManager */ = {
			isa = PBXGroup;
			children = (
				91EB60352719D63C0066B1D4 /* TeamListOperationProtocol.swift */,
				91EB60372719D6560066B1D4 /* TeamListOperationManager.swift */,
			);
			path = TeamListOperationManager;
			sourceTree = "<group>";
		};
		91EB603C2719E6AD0066B1D4 /* Modules */ = {
			isa = PBXGroup;
			children = (
				91EB603D2719E6B80066B1D4 /* TeamListModule */,
			);
			path = Modules;
			sourceTree = "<group>";
		};
		91EB603D2719E6B80066B1D4 /* TeamListModule */ = {
			isa = PBXGroup;
			children = (
				91EB603E2719E6E20066B1D4 /* TeamListViewController.swift */,
				91EB60402719E6FE0066B1D4 /* TeamListViewBuilder.swift */,
				91EB60422719E7170066B1D4 /* TeamListViewModel.swift */,
				91EB60442719E7330066B1D4 /* TeamListViewState.swift */,
				91EB60462719E7620066B1D4 /* TeamListDataFormatter.swift */,
				91EB60482719E77E0066B1D4 /* TeamListDataFormatterProtocol.swift */,
			);
			path = TeamListModule;
			sourceTree = "<group>";
		};
		91EB604A2719E8560066B1D4 /* Components */ = {
			isa = PBXGroup;
			children = (
				91EB6063271A07FE0066B1D4 /* ItemListViewComponents */,
				91EB60512719E9BB0066B1D4 /* LabelPackComponent */,
				91EB60502719E9AC0066B1D4 /* CustomImageViewComponent */,
				91EB604B2719E8760066B1D4 /* ItemComponents */,
			);
			path = Components;
			sourceTree = "<group>";
		};
		91EB604B2719E8760066B1D4 /* ItemComponents */ = {
			isa = PBXGroup;
			children = (
				91EB604E2719E8CA0066B1D4 /* ItemTableViewCell.swift */,
				91EB604C2719E8A60066B1D4 /* ItemTableViewCellData.swift */,
			);
			path = ItemComponents;
			sourceTree = "<group>";
		};
		91EB60502719E9AC0066B1D4 /* CustomImageViewComponent */ = {
			isa = PBXGroup;
			children = (
				91EB60592719EBA20066B1D4 /* CustomImageLoadingType.swift */,
				91EB605A2719EBA20066B1D4 /* CustomImageViewComponent.swift */,
				91EB60582719EBA20066B1D4 /* CustomImageViewComponentContainer.swift */,
				91EB605B2719EBA30066B1D4 /* CustomImageViewComponentData.swift */,
			);
			path = CustomImageViewComponent;
			sourceTree = "<group>";
		};
		91EB60512719E9BB0066B1D4 /* LabelPackComponent */ = {
			isa = PBXGroup;
			children = (
				91EB60522719EA020066B1D4 /* LabelPackComponentData.swift */,
				91EB60542719EA180066B1D4 /* LabelPackComponent.swift */,
				91EB60562719EA470066B1D4 /* LabelDistiributionData.swift */,
			);
			path = LabelPackComponent;
			sourceTree = "<group>";
		};
		91EB60602719F7D80066B1D4 /* CacheManagers */ = {
			isa = PBXGroup;
			children = (
				91EB60612719F8100066B1D4 /* ImageCacheManager.swift */,
			);
			path = CacheManagers;
			sourceTree = "<group>";
		};
		91EB6063271A07FE0066B1D4 /* ItemListViewComponents */ = {
			isa = PBXGroup;
			children = (
				91EB6064271A081A0066B1D4 /* ItemListProtocol.swift */,
				91EB6065271A081B0066B1D4 /* ItemListView.swift */,
			);
			path = ItemListViewComponents;
			sourceTree = "<group>";
		};
/* End PBXGroup section */

/* Begin PBXNativeTarget section */
		91EB5FCC27189FB40066B1D4 /* Week_4 */ = {
			isa = PBXNativeTarget;
			buildConfigurationList = 91EB5FF727189FBB0066B1D4 /* Build configuration list for PBXNativeTarget "Week_4" */;
			buildPhases = (
				91EB5FC927189FB40066B1D4 /* Sources */,
				91EB5FCA27189FB40066B1D4 /* Frameworks */,
				91EB5FCB27189FB40066B1D4 /* Resources */,
			);
			buildRules = (
			);
			dependencies = (
			);
			name = Week_4;
			packageProductDependencies = (
				91EB602E2719CD6E0066B1D4 /* DefaultNetworkOperationPackage */,
				91EB603A2719D74A0066B1D4 /* RxSwift */,
			);
			productName = Week_4;
			productReference = 91EB5FCD27189FB40066B1D4 /* Week_4.app */;
			productType = "com.apple.product-type.application";
		};
		91EB5FE227189FBB0066B1D4 /* Week_4Tests */ = {
			isa = PBXNativeTarget;
			buildConfigurationList = 91EB5FFA27189FBB0066B1D4 /* Build configuration list for PBXNativeTarget "Week_4Tests" */;
			buildPhases = (
				91EB5FDF27189FBB0066B1D4 /* Sources */,
				91EB5FE027189FBB0066B1D4 /* Frameworks */,
				91EB5FE127189FBB0066B1D4 /* Resources */,
			);
			buildRules = (
			);
			dependencies = (
				91EB5FE527189FBB0066B1D4 /* PBXTargetDependency */,
			);
			name = Week_4Tests;
			productName = Week_4Tests;
			productReference = 91EB5FE327189FBB0066B1D4 /* Week_4Tests.xctest */;
			productType = "com.apple.product-type.bundle.unit-test";
		};
		91EB5FEC27189FBB0066B1D4 /* Week_4UITests */ = {
			isa = PBXNativeTarget;
			buildConfigurationList = 91EB5FFD27189FBB0066B1D4 /* Build configuration list for PBXNativeTarget "Week_4UITests" */;
			buildPhases = (
				91EB5FE927189FBB0066B1D4 /* Sources */,
				91EB5FEA27189FBB0066B1D4 /* Frameworks */,
				91EB5FEB27189FBB0066B1D4 /* Resources */,
			);
			buildRules = (
			);
			dependencies = (
				91EB5FEF27189FBB0066B1D4 /* PBXTargetDependency */,
			);
			name = Week_4UITests;
			productName = Week_4UITests;
			productReference = 91EB5FED27189FBB0066B1D4 /* Week_4UITests.xctest */;
			productType = "com.apple.product-type.bundle.ui-testing";
		};
/* End PBXNativeTarget section */

/* Begin PBXProject section */
		91EB5FC527189FB40066B1D4 /* Project object */ = {
			isa = PBXProject;
			attributes = {
				BuildIndependentTargetsInParallel = 1;
				LastSwiftUpdateCheck = 1300;
				LastUpgradeCheck = 1300;
				TargetAttributes = {
					91EB5FCC27189FB40066B1D4 = {
						CreatedOnToolsVersion = 13.0;
					};
					91EB5FE227189FBB0066B1D4 = {
						CreatedOnToolsVersion = 13.0;
						TestTargetID = 91EB5FCC27189FB40066B1D4;
					};
					91EB5FEC27189FBB0066B1D4 = {
						CreatedOnToolsVersion = 13.0;
						TestTargetID = 91EB5FCC27189FB40066B1D4;
					};
				};
			};
			buildConfigurationList = 91EB5FC827189FB40066B1D4 /* Build configuration list for PBXProject "Week_4" */;
			compatibilityVersion = "Xcode 13.0";
			developmentRegion = en;
			hasScannedForEncodings = 0;
			knownRegions = (
				en,
				Base,
			);
			mainGroup = 91EB5FC427189FB40066B1D4;
			packageReferences = (
				91EB602D2719CD6E0066B1D4 /* XCRemoteSwiftPackageReference "DefaultNetworkPackage" */,
				91EB60392719D74A0066B1D4 /* XCRemoteSwiftPackageReference "RxSwift" */,
			);
			productRefGroup = 91EB5FCE27189FB40066B1D4 /* Products */;
			projectDirPath = "";
			projectRoot = "";
			targets = (
				91EB5FCC27189FB40066B1D4 /* Week_4 */,
				91EB5FE227189FBB0066B1D4 /* Week_4Tests */,
				91EB5FEC27189FBB0066B1D4 /* Week_4UITests */,
			);
		};
/* End PBXProject section */

/* Begin PBXResourcesBuildPhase section */
		91EB5FCB27189FB40066B1D4 /* Resources */ = {
			isa = PBXResourcesBuildPhase;
			buildActionMask = 2147483647;
			files = (
				91EB5FDD27189FBB0066B1D4 /* LaunchScreen.storyboard in Resources */,
				91EB5FDA27189FBB0066B1D4 /* Assets.xcassets in Resources */,
			);
			runOnlyForDeploymentPostprocessing = 0;
		};
		91EB5FE127189FBB0066B1D4 /* Resources */ = {
			isa = PBXResourcesBuildPhase;
			buildActionMask = 2147483647;
			files = (
			);
			runOnlyForDeploymentPostprocessing = 0;
		};
		91EB5FEB27189FBB0066B1D4 /* Resources */ = {
			isa = PBXResourcesBuildPhase;
			buildActionMask = 2147483647;
			files = (
			);
			runOnlyForDeploymentPostprocessing = 0;
		};
/* End PBXResourcesBuildPhase section */

/* Begin PBXSourcesBuildPhase section */
		91EB5FC927189FB40066B1D4 /* Sources */ = {
			isa = PBXSourcesBuildPhase;
			buildActionMask = 2147483647;
			files = (
				91EB60572719EA470066B1D4 /* LabelDistiributionData.swift in Sources */,
				91EB60042718A2FF0066B1D4 /* BaseViewController.swift in Sources */,
				91EB60492719E77E0066B1D4 /* TeamListDataFormatterProtocol.swift in Sources */,
				91EB5FD527189FB50066B1D4 /* ViewController.swift in Sources */,
				91EB60532719EA020066B1D4 /* LabelPackComponentData.swift in Sources */,
				91EB60622719F8100066B1D4 /* ImageCacheManager.swift in Sources */,
				91EB6066271A081B0066B1D4 /* ItemListProtocol.swift in Sources */,
				91EB60022718A2DB0066B1D4 /* GenericValueProtocol.swift in Sources */,
				91EB602C2719B3E30066B1D4 /* TeamsResponse.swift in Sources */,
				91EB60362719D63C0066B1D4 /* TeamListOperationProtocol.swift in Sources */,
				91EB5FD127189FB50066B1D4 /* AppDelegate.swift in Sources */,
				91EB600C2718AB6A0066B1D4 /* BaseTableViewCell.swift in Sources */,
				91EB601D2718B0130066B1D4 /* MainViewModel.swift in Sources */,
				91EB60132718AE240066B1D4 /* MainTabBarBuider.swift in Sources */,
				91EB604D2719E8A60066B1D4 /* ItemTableViewCellData.swift in Sources */,
				91EB605D2719EBA30066B1D4 /* CustomImageLoadingType.swift in Sources */,
				91EB601B2718B0130066B1D4 /* MainViewBuilder.swift in Sources */,
				91EB60282719AD9A0066B1D4 /* BaseRequest.swift in Sources */,
				91EB601C2718B0130066B1D4 /* MainViewController.swift in Sources */,
				91EB60222718B0760066B1D4 /* ApplicationGeneralInfoProtocol.swift in Sources */,
				91EB60432719E7170066B1D4 /* TeamListViewModel.swift in Sources */,
				91EB60112718ADF70066B1D4 /* MainTabBarViewController.swift in Sources */,
				91EB60472719E7620066B1D4 /* TeamListDataFormatter.swift in Sources */,
				91EB60322719CFAB0066B1D4 /* HeaderProvider.swift in Sources */,
				91EB60162718AF590066B1D4 /* TabBarImages.swift in Sources */,
				91EB605E2719EBA30066B1D4 /* CustomImageViewComponent.swift in Sources */,
				91EB60452719E7330066B1D4 /* TeamListViewState.swift in Sources */,
				91EB60082718A36A0066B1D4 /* BaseView.swift in Sources */,
				91EB603F2719E6E20066B1D4 /* TeamListViewController.swift in Sources */,
				91EB60412719E6FE0066B1D4 /* TeamListViewBuilder.swift in Sources */,
				91EB6067271A081B0066B1D4 /* ItemListView.swift in Sources */,
				91EB600A2718AB250066B1D4 /* GenericDataProtocol.swift in Sources */,
				91EB60382719D6560066B1D4 /* TeamListOperationManager.swift in Sources */,
				91EB60552719EA180066B1D4 /* LabelPackComponent.swift in Sources */,
				91EB605F2719EBA30066B1D4 /* CustomImageViewComponentData.swift in Sources */,
				91EB5FD327189FB50066B1D4 /* SceneDelegate.swift in Sources */,
				91EB60062718A3240066B1D4 /* GenericBaseView.swift in Sources */,
				91EB602A2719ADED0066B1D4 /* TeamsApiServiceProvider.swift in Sources */,
				91EB605C2719EBA30066B1D4 /* CustomImageViewComponentContainer.swift in Sources */,
				91EB604F2719E8CA0066B1D4 /* ItemTableViewCell.swift in Sources */,
				91EB60212718B0760066B1D4 /* ApplicationGeneralInfoManager.swift in Sources */,
			);
			runOnlyForDeploymentPostprocessing = 0;
		};
		91EB5FDF27189FBB0066B1D4 /* Sources */ = {
			isa = PBXSourcesBuildPhase;
			buildActionMask = 2147483647;
			files = (
				91EB5FE827189FBB0066B1D4 /* Week_4Tests.swift in Sources */,
			);
			runOnlyForDeploymentPostprocessing = 0;
		};
		91EB5FE927189FBB0066B1D4 /* Sources */ = {
			isa = PBXSourcesBuildPhase;
			buildActionMask = 2147483647;
			files = (
				91EB5FF227189FBB0066B1D4 /* Week_4UITests.swift in Sources */,
				91EB5FF427189FBB0066B1D4 /* Week_4UITestsLaunchTests.swift in Sources */,
			);
			runOnlyForDeploymentPostprocessing = 0;
		};
/* End PBXSourcesBuildPhase section */

/* Begin PBXTargetDependency section */
		91EB5FE527189FBB0066B1D4 /* PBXTargetDependency */ = {
			isa = PBXTargetDependency;
			target = 91EB5FCC27189FB40066B1D4 /* Week_4 */;
			targetProxy = 91EB5FE427189FBB0066B1D4 /* PBXContainerItemProxy */;
		};
		91EB5FEF27189FBB0066B1D4 /* PBXTargetDependency */ = {
			isa = PBXTargetDependency;
			target = 91EB5FCC27189FB40066B1D4 /* Week_4 */;
			targetProxy = 91EB5FEE27189FBB0066B1D4 /* PBXContainerItemProxy */;
		};
/* End PBXTargetDependency section */

/* Begin PBXVariantGroup section */
		91EB5FDB27189FBB0066B1D4 /* LaunchScreen.storyboard */ = {
			isa = PBXVariantGroup;
			children = (
				91EB5FDC27189FBB0066B1D4 /* Base */,
			);
			name = LaunchScreen.storyboard;
			sourceTree = "<group>";
		};
/* End PBXVariantGroup section */

/* Begin XCBuildConfiguration section */
		91EB5FF527189FBB0066B1D4 /* Debug */ = {
			isa = XCBuildConfiguration;
			buildSettings = {
				ALWAYS_SEARCH_USER_PATHS = NO;
				CLANG_ANALYZER_NONNULL = YES;
				CLANG_ANALYZER_NUMBER_OBJECT_CONVERSION = YES_AGGRESSIVE;
				CLANG_CXX_LANGUAGE_STANDARD = "gnu++17";
				CLANG_CXX_LIBRARY = "libc++";
				CLANG_ENABLE_MODULES = YES;
				CLANG_ENABLE_OBJC_ARC = YES;
				CLANG_ENABLE_OBJC_WEAK = YES;
				CLANG_WARN_BLOCK_CAPTURE_AUTORELEASING = YES;
				CLANG_WARN_BOOL_CONVERSION = YES;
				CLANG_WARN_COMMA = YES;
				CLANG_WARN_CONSTANT_CONVERSION = YES;
				CLANG_WARN_DEPRECATED_OBJC_IMPLEMENTATIONS = YES;
				CLANG_WARN_DIRECT_OBJC_ISA_USAGE = YES_ERROR;
				CLANG_WARN_DOCUMENTATION_COMMENTS = YES;
				CLANG_WARN_EMPTY_BODY = YES;
				CLANG_WARN_ENUM_CONVERSION = YES;
				CLANG_WARN_INFINITE_RECURSION = YES;
				CLANG_WARN_INT_CONVERSION = YES;
				CLANG_WARN_NON_LITERAL_NULL_CONVERSION = YES;
				CLANG_WARN_OBJC_IMPLICIT_RETAIN_SELF = YES;
				CLANG_WARN_OBJC_LITERAL_CONVERSION = YES;
				CLANG_WARN_OBJC_ROOT_CLASS = YES_ERROR;
				CLANG_WARN_QUOTED_INCLUDE_IN_FRAMEWORK_HEADER = YES;
				CLANG_WARN_RANGE_LOOP_ANALYSIS = YES;
				CLANG_WARN_STRICT_PROTOTYPES = YES;
				CLANG_WARN_SUSPICIOUS_MOVE = YES;
				CLANG_WARN_UNGUARDED_AVAILABILITY = YES_AGGRESSIVE;
				CLANG_WARN_UNREACHABLE_CODE = YES;
				CLANG_WARN__DUPLICATE_METHOD_MATCH = YES;
				COPY_PHASE_STRIP = NO;
				DEBUG_INFORMATION_FORMAT = dwarf;
				ENABLE_STRICT_OBJC_MSGSEND = YES;
				ENABLE_TESTABILITY = YES;
				GCC_C_LANGUAGE_STANDARD = gnu11;
				GCC_DYNAMIC_NO_PIC = NO;
				GCC_NO_COMMON_BLOCKS = YES;
				GCC_OPTIMIZATION_LEVEL = 0;
				GCC_PREPROCESSOR_DEFINITIONS = (
					"DEBUG=1",
					"$(inherited)",
				);
				GCC_WARN_64_TO_32_BIT_CONVERSION = YES;
				GCC_WARN_ABOUT_RETURN_TYPE = YES_ERROR;
				GCC_WARN_UNDECLARED_SELECTOR = YES;
				GCC_WARN_UNINITIALIZED_AUTOS = YES_AGGRESSIVE;
				GCC_WARN_UNUSED_FUNCTION = YES;
				GCC_WARN_UNUSED_VARIABLE = YES;
				IPHONEOS_DEPLOYMENT_TARGET = 15.0;
				MTL_ENABLE_DEBUG_INFO = INCLUDE_SOURCE;
				MTL_FAST_MATH = YES;
				ONLY_ACTIVE_ARCH = YES;
				SDKROOT = iphoneos;
				SWIFT_ACTIVE_COMPILATION_CONDITIONS = DEBUG;
				SWIFT_OPTIMIZATION_LEVEL = "-Onone";
			};
			name = Debug;
		};
		91EB5FF627189FBB0066B1D4 /* Release */ = {
			isa = XCBuildConfiguration;
			buildSettings = {
				ALWAYS_SEARCH_USER_PATHS = NO;
				CLANG_ANALYZER_NONNULL = YES;
				CLANG_ANALYZER_NUMBER_OBJECT_CONVERSION = YES_AGGRESSIVE;
				CLANG_CXX_LANGUAGE_STANDARD = "gnu++17";
				CLANG_CXX_LIBRARY = "libc++";
				CLANG_ENABLE_MODULES = YES;
				CLANG_ENABLE_OBJC_ARC = YES;
				CLANG_ENABLE_OBJC_WEAK = YES;
				CLANG_WARN_BLOCK_CAPTURE_AUTORELEASING = YES;
				CLANG_WARN_BOOL_CONVERSION = YES;
				CLANG_WARN_COMMA = YES;
				CLANG_WARN_CONSTANT_CONVERSION = YES;
				CLANG_WARN_DEPRECATED_OBJC_IMPLEMENTATIONS = YES;
				CLANG_WARN_DIRECT_OBJC_ISA_USAGE = YES_ERROR;
				CLANG_WARN_DOCUMENTATION_COMMENTS = YES;
				CLANG_WARN_EMPTY_BODY = YES;
				CLANG_WARN_ENUM_CONVERSION = YES;
				CLANG_WARN_INFINITE_RECURSION = YES;
				CLANG_WARN_INT_CONVERSION = YES;
				CLANG_WARN_NON_LITERAL_NULL_CONVERSION = YES;
				CLANG_WARN_OBJC_IMPLICIT_RETAIN_SELF = YES;
				CLANG_WARN_OBJC_LITERAL_CONVERSION = YES;
				CLANG_WARN_OBJC_ROOT_CLASS = YES_ERROR;
				CLANG_WARN_QUOTED_INCLUDE_IN_FRAMEWORK_HEADER = YES;
				CLANG_WARN_RANGE_LOOP_ANALYSIS = YES;
				CLANG_WARN_STRICT_PROTOTYPES = YES;
				CLANG_WARN_SUSPICIOUS_MOVE = YES;
				CLANG_WARN_UNGUARDED_AVAILABILITY = YES_AGGRESSIVE;
				CLANG_WARN_UNREACHABLE_CODE = YES;
				CLANG_WARN__DUPLICATE_METHOD_MATCH = YES;
				COPY_PHASE_STRIP = NO;
				DEBUG_INFORMATION_FORMAT = "dwarf-with-dsym";
				ENABLE_NS_ASSERTIONS = NO;
				ENABLE_STRICT_OBJC_MSGSEND = YES;
				GCC_C_LANGUAGE_STANDARD = gnu11;
				GCC_NO_COMMON_BLOCKS = YES;
				GCC_WARN_64_TO_32_BIT_CONVERSION = YES;
				GCC_WARN_ABOUT_RETURN_TYPE = YES_ERROR;
				GCC_WARN_UNDECLARED_SELECTOR = YES;
				GCC_WARN_UNINITIALIZED_AUTOS = YES_AGGRESSIVE;
				GCC_WARN_UNUSED_FUNCTION = YES;
				GCC_WARN_UNUSED_VARIABLE = YES;
				IPHONEOS_DEPLOYMENT_TARGET = 15.0;
				MTL_ENABLE_DEBUG_INFO = NO;
				MTL_FAST_MATH = YES;
				SDKROOT = iphoneos;
				SWIFT_COMPILATION_MODE = wholemodule;
				SWIFT_OPTIMIZATION_LEVEL = "-O";
				VALIDATE_PRODUCT = YES;
			};
			name = Release;
		};
		91EB5FF827189FBB0066B1D4 /* Debug */ = {
			isa = XCBuildConfiguration;
			buildSettings = {
				ASSETCATALOG_COMPILER_APPICON_NAME = AppIcon;
				ASSETCATALOG_COMPILER_GLOBAL_ACCENT_COLOR_NAME = AccentColor;
				CODE_SIGN_STYLE = Automatic;
				CURRENT_PROJECT_VERSION = 1;
				GENERATE_INFOPLIST_FILE = YES;
				INFOPLIST_FILE = Week_4/Info.plist;
				INFOPLIST_KEY_UIApplicationSupportsIndirectInputEvents = YES;
				INFOPLIST_KEY_UILaunchStoryboardName = LaunchScreen;
				INFOPLIST_KEY_UISupportedInterfaceOrientations_iPad = "UIInterfaceOrientationPortrait UIInterfaceOrientationPortraitUpsideDown UIInterfaceOrientationLandscapeLeft UIInterfaceOrientationLandscapeRight";
				INFOPLIST_KEY_UISupportedInterfaceOrientations_iPhone = "UIInterfaceOrientationPortrait UIInterfaceOrientationLandscapeLeft UIInterfaceOrientationLandscapeRight";
				LD_RUNPATH_SEARCH_PATHS = (
					"$(inherited)",
					"@executable_path/Frameworks",
				);
				MARKETING_VERSION = 1.0;
				PRODUCT_BUNDLE_IDENTIFIER = "com.tahiresirgen.Week-4";
				PRODUCT_NAME = "$(TARGET_NAME)";
				SWIFT_EMIT_LOC_STRINGS = YES;
				SWIFT_VERSION = 5.0;
				TARGETED_DEVICE_FAMILY = "1,2";
			};
			name = Debug;
		};
		91EB5FF927189FBB0066B1D4 /* Release */ = {
			isa = XCBuildConfiguration;
			buildSettings = {
				ASSETCATALOG_COMPILER_APPICON_NAME = AppIcon;
				ASSETCATALOG_COMPILER_GLOBAL_ACCENT_COLOR_NAME = AccentColor;
				CODE_SIGN_STYLE = Automatic;
				CURRENT_PROJECT_VERSION = 1;
				GENERATE_INFOPLIST_FILE = YES;
				INFOPLIST_FILE = Week_4/Info.plist;
				INFOPLIST_KEY_UIApplicationSupportsIndirectInputEvents = YES;
				INFOPLIST_KEY_UILaunchStoryboardName = LaunchScreen;
				INFOPLIST_KEY_UISupportedInterfaceOrientations_iPad = "UIInterfaceOrientationPortrait UIInterfaceOrientationPortraitUpsideDown UIInterfaceOrientationLandscapeLeft UIInterfaceOrientationLandscapeRight";
				INFOPLIST_KEY_UISupportedInterfaceOrientations_iPhone = "UIInterfaceOrientationPortrait UIInterfaceOrientationLandscapeLeft UIInterfaceOrientationLandscapeRight";
				LD_RUNPATH_SEARCH_PATHS = (
					"$(inherited)",
					"@executable_path/Frameworks",
				);
				MARKETING_VERSION = 1.0;
				PRODUCT_BUNDLE_IDENTIFIER = "com.tahiresirgen.Week-4";
				PRODUCT_NAME = "$(TARGET_NAME)";
				SWIFT_EMIT_LOC_STRINGS = YES;
				SWIFT_VERSION = 5.0;
				TARGETED_DEVICE_FAMILY = "1,2";
			};
			name = Release;
		};
		91EB5FFB27189FBB0066B1D4 /* Debug */ = {
			isa = XCBuildConfiguration;
			buildSettings = {
				ALWAYS_EMBED_SWIFT_STANDARD_LIBRARIES = YES;
				BUNDLE_LOADER = "$(TEST_HOST)";
				CODE_SIGN_STYLE = Automatic;
				CURRENT_PROJECT_VERSION = 1;
				GENERATE_INFOPLIST_FILE = YES;
				IPHONEOS_DEPLOYMENT_TARGET = 15.0;
				LD_RUNPATH_SEARCH_PATHS = (
					"$(inherited)",
					"@executable_path/Frameworks",
					"@loader_path/Frameworks",
				);
				MARKETING_VERSION = 1.0;
				PRODUCT_BUNDLE_IDENTIFIER = "com.tahiresirgen.Week-4Tests";
				PRODUCT_NAME = "$(TARGET_NAME)";
				SWIFT_EMIT_LOC_STRINGS = NO;
				SWIFT_VERSION = 5.0;
				TARGETED_DEVICE_FAMILY = "1,2";
				TEST_HOST = "$(BUILT_PRODUCTS_DIR)/Week_4.app/Week_4";
			};
			name = Debug;
		};
		91EB5FFC27189FBB0066B1D4 /* Release */ = {
			isa = XCBuildConfiguration;
			buildSettings = {
				ALWAYS_EMBED_SWIFT_STANDARD_LIBRARIES = YES;
				BUNDLE_LOADER = "$(TEST_HOST)";
				CODE_SIGN_STYLE = Automatic;
				CURRENT_PROJECT_VERSION = 1;
				GENERATE_INFOPLIST_FILE = YES;
				IPHONEOS_DEPLOYMENT_TARGET = 15.0;
				LD_RUNPATH_SEARCH_PATHS = (
					"$(inherited)",
					"@executable_path/Frameworks",
					"@loader_path/Frameworks",
				);
				MARKETING_VERSION = 1.0;
				PRODUCT_BUNDLE_IDENTIFIER = "com.tahiresirgen.Week-4Tests";
				PRODUCT_NAME = "$(TARGET_NAME)";
				SWIFT_EMIT_LOC_STRINGS = NO;
				SWIFT_VERSION = 5.0;
				TARGETED_DEVICE_FAMILY = "1,2";
				TEST_HOST = "$(BUILT_PRODUCTS_DIR)/Week_4.app/Week_4";
			};
			name = Release;
		};
		91EB5FFE27189FBB0066B1D4 /* Debug */ = {
			isa = XCBuildConfiguration;
			buildSettings = {
				ALWAYS_EMBED_SWIFT_STANDARD_LIBRARIES = YES;
				CODE_SIGN_STYLE = Automatic;
				CURRENT_PROJECT_VERSION = 1;
				GENERATE_INFOPLIST_FILE = YES;
				LD_RUNPATH_SEARCH_PATHS = (
					"$(inherited)",
					"@executable_path/Frameworks",
					"@loader_path/Frameworks",
				);
				MARKETING_VERSION = 1.0;
				PRODUCT_BUNDLE_IDENTIFIER = "com.tahiresirgen.Week-4UITests";
				PRODUCT_NAME = "$(TARGET_NAME)";
				SWIFT_EMIT_LOC_STRINGS = NO;
				SWIFT_VERSION = 5.0;
				TARGETED_DEVICE_FAMILY = "1,2";
				TEST_TARGET_NAME = Week_4;
			};
			name = Debug;
		};
		91EB5FFF27189FBB0066B1D4 /* Release */ = {
			isa = XCBuildConfiguration;
			buildSettings = {
				ALWAYS_EMBED_SWIFT_STANDARD_LIBRARIES = YES;
				CODE_SIGN_STYLE = Automatic;
				CURRENT_PROJECT_VERSION = 1;
				GENERATE_INFOPLIST_FILE = YES;
				LD_RUNPATH_SEARCH_PATHS = (
					"$(inherited)",
					"@executable_path/Frameworks",
					"@loader_path/Frameworks",
				);
				MARKETING_VERSION = 1.0;
				PRODUCT_BUNDLE_IDENTIFIER = "com.tahiresirgen.Week-4UITests";
				PRODUCT_NAME = "$(TARGET_NAME)";
				SWIFT_EMIT_LOC_STRINGS = NO;
				SWIFT_VERSION = 5.0;
				TARGETED_DEVICE_FAMILY = "1,2";
				TEST_TARGET_NAME = Week_4;
			};
			name = Release;
		};
/* End XCBuildConfiguration section */

/* Begin XCConfigurationList section */
		91EB5FC827189FB40066B1D4 /* Build configuration list for PBXProject "Week_4" */ = {
			isa = XCConfigurationList;
			buildConfigurations = (
				91EB5FF527189FBB0066B1D4 /* Debug */,
				91EB5FF627189FBB0066B1D4 /* Release */,
			);
			defaultConfigurationIsVisible = 0;
			defaultConfigurationName = Release;
		};
		91EB5FF727189FBB0066B1D4 /* Build configuration list for PBXNativeTarget "Week_4" */ = {
			isa = XCConfigurationList;
			buildConfigurations = (
				91EB5FF827189FBB0066B1D4 /* Debug */,
				91EB5FF927189FBB0066B1D4 /* Release */,
			);
			defaultConfigurationIsVisible = 0;
			defaultConfigurationName = Release;
		};
		91EB5FFA27189FBB0066B1D4 /* Build configuration list for PBXNativeTarget "Week_4Tests" */ = {
			isa = XCConfigurationList;
			buildConfigurations = (
				91EB5FFB27189FBB0066B1D4 /* Debug */,
				91EB5FFC27189FBB0066B1D4 /* Release */,
			);
			defaultConfigurationIsVisible = 0;
			defaultConfigurationName = Release;
		};
		91EB5FFD27189FBB0066B1D4 /* Build configuration list for PBXNativeTarget "Week_4UITests" */ = {
			isa = XCConfigurationList;
			buildConfigurations = (
				91EB5FFE27189FBB0066B1D4 /* Debug */,
				91EB5FFF27189FBB0066B1D4 /* Release */,
			);
			defaultConfigurationIsVisible = 0;
			defaultConfigurationName = Release;
		};
/* End XCConfigurationList section */

/* Begin XCRemoteSwiftPackageReference section */
		91EB602D2719CD6E0066B1D4 /* XCRemoteSwiftPackageReference "DefaultNetworkPackage" */ = {
			isa = XCRemoteSwiftPackageReference;
			repositoryURL = "https://github.com/tesirgen/DefaultNetworkPackage";
			requirement = {
				branch = main;
				kind = branch;
			};
		};
		91EB60392719D74A0066B1D4 /* XCRemoteSwiftPackageReference "RxSwift" */ = {
			isa = XCRemoteSwiftPackageReference;
			repositoryURL = "https://github.com/ReactiveX/RxSwift.git";
			requirement = {
				branch = main;
				kind = branch;
			};
		};
/* End XCRemoteSwiftPackageReference section */

/* Begin XCSwiftPackageProductDependency section */
		91EB602E2719CD6E0066B1D4 /* DefaultNetworkOperationPackage */ = {
			isa = XCSwiftPackageProductDependency;
			package = 91EB602D2719CD6E0066B1D4 /* XCRemoteSwiftPackageReference "DefaultNetworkPackage" */;
			productName = DefaultNetworkOperationPackage;
		};
		91EB603A2719D74A0066B1D4 /* RxSwift */ = {
			isa = XCSwiftPackageProductDependency;
			package = 91EB60392719D74A0066B1D4 /* XCRemoteSwiftPackageReference "RxSwift" */;
			productName = RxSwift;
		};
/* End XCSwiftPackageProductDependency section */
	};
	rootObject = 91EB5FC527189FB40066B1D4 /* Project object */;
}
